
Microsoft Visual Studio Solution File, Format Version 12.00
Project("{FAE04EC0-301F-11D3-BF4B-00C04F79EFBC}") = "WebAPI", "WebAPI\WebAPI.csproj", "{A14B5E33-5728-4D51-883A-7992AE0FB696}"
EndProject
Project("{FAE04EC0-301F-11D3-BF4B-00C04F79EFBC}") = "Models", "Models\Models.csproj", "{76CE9CE5-7CA7-402E-ADF4-4E6DB50C6D54}"
EndProject
Project("{FAE04EC0-301F-11D3-BF4B-00C04F79EFBC}") = "Interfaces", "Interfaces\Interfaces.csproj", "{C20F0F5C-CE18-4A6D-8E30-8B114F06167F}"
EndProject
Project("{FAE04EC0-301F-11D3-BF4B-00C04F79EFBC}") = "Services", "Services\Services.csproj", "{68AF33DF-A9D8-4B5B-AF0A-CF63F7003C43}"
EndProject
Project("{FAE04EC0-301F-11D3-BF4B-00C04F79EFBC}") = "Infrastructure", "Infrastructure\Infrastructure.csproj", "{89E8A6C4-643D-4FB7-8F0E-E293594E4E88}"
EndProject
Project("{FAE04EC0-301F-11D3-BF4B-00C04F79EFBC}") = "DAL", "DAL\DAL.csproj", "{B233A067-F626-4CD9-A246-E85987F42B77}"
EndProject
Global
	GlobalSection(SolutionConfigurationPlatforms) = preSolution
		Debug|Any CPU = Debug|Any CPU
		Release|Any CPU = Release|Any CPU
	EndGlobalSection
	GlobalSection(ProjectConfigurationPlatforms) = postSolution
		{A14B5E33-5728-4D51-883A-7992AE0FB696}.Debug|Any CPU.ActiveCfg = Debug|Any CPU
		{A14B5E33-5728-4D51-883A-7992AE0FB696}.Debug|Any CPU.Build.0 = Debug|Any CPU
		{A14B5E33-5728-4D51-883A-7992AE0FB696}.Release|Any CPU.ActiveCfg = Release|Any CPU
		{A14B5E33-5728-4D51-883A-7992AE0FB696}.Release|Any CPU.Build.0 = Release|Any CPU
		{76CE9CE5-7CA7-402E-ADF4-4E6DB50C6D54}.Debug|Any CPU.ActiveCfg = Debug|Any CPU
		{76CE9CE5-7CA7-402E-ADF4-4E6DB50C6D54}.Debug|Any CPU.Build.0 = Debug|Any CPU
		{76CE9CE5-7CA7-402E-ADF4-4E6DB50C6D54}.Release|Any CPU.ActiveCfg = Release|Any CPU
		{76CE9CE5-7CA7-402E-ADF4-4E6DB50C6D54}.Release|Any CPU.Build.0 = Release|Any CPU
		{C20F0F5C-CE18-4A6D-8E30-8B114F06167F}.Debug|Any CPU.ActiveCfg = Debug|Any CPU
		{C20F0F5C-CE18-4A6D-8E30-8B114F06167F}.Debug|Any CPU.Build.0 = Debug|Any CPU
		{C20F0F5C-CE18-4A6D-8E30-8B114F06167F}.Release|Any CPU.ActiveCfg = Release|Any CPU
		{C20F0F5C-CE18-4A6D-8E30-8B114F06167F}.Release|Any CPU.Build.0 = Release|Any CPU
		{68AF33DF-A9D8-4B5B-AF0A-CF63F7003C43}.Debug|Any CPU.ActiveCfg = Debug|Any CPU
		{68AF33DF-A9D8-4B5B-AF0A-CF63F7003C43}.Debug|Any CPU.Build.0 = Debug|Any CPU
		{68AF33DF-A9D8-4B5B-AF0A-CF63F7003C43}.Release|Any CPU.ActiveCfg = Release|Any CPU
		{68AF33DF-A9D8-4B5B-AF0A-CF63F7003C43}.Release|Any CPU.Build.0 = Release|Any CPU
		{89E8A6C4-643D-4FB7-8F0E-E293594E4E88}.Debug|Any CPU.ActiveCfg = Debug|Any CPU
		{89E8A6C4-643D-4FB7-8F0E-E293594E4E88}.Debug|Any CPU.Build.0 = Debug|Any CPU
		{89E8A6C4-643D-4FB7-8F0E-E293594E4E88}.Release|Any CPU.ActiveCfg = Release|Any CPU
		{89E8A6C4-643D-4FB7-8F0E-E293594E4E88}.Release|Any CPU.Build.0 = Release|Any CPU
		{B233A067-F626-4CD9-A246-E85987F42B77}.Debug|Any CPU.ActiveCfg = Debug|Any CPU
		{B233A067-F626-4CD9-A246-E85987F42B77}.Debug|Any CPU.Build.0 = Debug|Any CPU
		{B233A067-F626-4CD9-A246-E85987F42B77}.Release|Any CPU.ActiveCfg = Release|Any CPU
		{B233A067-F626-4CD9-A246-E85987F42B77}.Release|Any CPU.Build.0 = Release|Any CPU
	EndGlobalSection
EndGlobal
